{
  "name": "agent-dream-skin",
  "version": "0.5.3",
  "lockfileVersion": 3,
  "requires": true,
  "packages": {
    "": {
      "name": "agent-dream-skin",
      "version": "0.5.3",
      "license": "MIT",
      "bin": {
        "dreamskin": "bin/skin-cli.mjs",
        "skin-cli": "bin/skin-cli.mjs"
      },
      "engines": {
        "node": ">=22.12"
      }
    }
  }
}
